// !$*UTF8*$!
{
	archiveVersion = 1;
	classes = {
	};
	objectVersion = 50;
	objects = {

/* Begin PBXBuildFile section */
		0720992123F7417E00B75CF5 /* DoneConformAlert.swift in Sources */ = {isa = PBXBuildFile; fileRef = 0720992023F7417E00B75CF5 /* DoneConformAlert.swift */; };
		0727887123AA473500092E24 /* ProfileView.swift in Sources */ = {isa = PBXBuildFile; fileRef = 0727887023AA473500092E24 /* ProfileView.swift */; };
		0736F9DD23CA3F0C00626599 /* ChangeButton.swift in Sources */ = {isa = PBXBuildFile; fileRef = 0736F9DC23CA3F0C00626599 /* ChangeButton.swift */; };
		0736F9DF23CA4CBA00626599 /* DoneButton.swift in Sources */ = {isa = PBXBuildFile; fileRef = 0736F9DE23CA4CBA00626599 /* DoneButton.swift */; };
		073B917A23A4025800F38F1D /* CircleImage.swift in Sources */ = {isa = PBXBuildFile; fileRef = 073B917923A4025800F38F1D /* CircleImage.swift */; };
		073CD70A2452F18000C0913B /* ProgramSessionView.swift in Sources */ = {isa = PBXBuildFile; fileRef = 073CD7092452F18000C0913B /* ProgramSessionView.swift */; };
		073CD70C2452FDA800C0913B /* ProgramSessionListRow.swift in Sources */ = {isa = PBXBuildFile; fileRef = 073CD70B2452FDA800C0913B /* ProgramSessionListRow.swift */; };
		073DEAD3248E92CD008F3C72 /* NoteHost.swift in Sources */ = {isa = PBXBuildFile; fileRef = 073DEAD2248E92CD008F3C72 /* NoteHost.swift */; };
		073DEAD5248ECBCB008F3C72 /* EditNoteView.swift in Sources */ = {isa = PBXBuildFile; fileRef = 073DEAD4248ECBCB008F3C72 /* EditNoteView.swift */; };
		073DEAD8248ECCD7008F3C72 /* TrainingRow.swift in Sources */ = {isa = PBXBuildFile; fileRef = 073DEAD7248ECCD7008F3C72 /* TrainingRow.swift */; };
		073DEADA248ED394008F3C72 /* TrainingDetails.swift in Sources */ = {isa = PBXBuildFile; fileRef = 073DEAD9248ED394008F3C72 /* TrainingDetails.swift */; };
		073DEADD2490D88B008F3C72 /* EditTrainingRow.swift in Sources */ = {isa = PBXBuildFile; fileRef = 073DEADC2490D88B008F3C72 /* EditTrainingRow.swift */; };
		073DEF982433403300644ED3 /* CreateProgramView.swift in Sources */ = {isa = PBXBuildFile; fileRef = 073DEF972433403300644ED3 /* CreateProgramView.swift */; };
		073DEF9A2433545C00644ED3 /* CreateProgramListRow.swift in Sources */ = {isa = PBXBuildFile; fileRef = 073DEF992433545C00644ED3 /* CreateProgramListRow.swift */; };
		073DEF9C2433556100644ED3 /* SetSeriesView.swift in Sources */ = {isa = PBXBuildFile; fileRef = 073DEF9B2433556100644ED3 /* SetSeriesView.swift */; };
		073E6C9523AA215800A06E80 /* TitleBelt.swift in Sources */ = {isa = PBXBuildFile; fileRef = 073E6C9423AA215800A06E80 /* TitleBelt.swift */; };
		073F482423F43A8F003011F0 /* GoogleService-Info.plist in Resources */ = {isa = PBXBuildFile; fileRef = 073F482323F43A8F003011F0 /* GoogleService-Info.plist */; };
		073F482723F55F47003011F0 /* CaptureImageView.swift in Sources */ = {isa = PBXBuildFile; fileRef = 073F482623F55F47003011F0 /* CaptureImageView.swift */; };
		073F482923F5604C003011F0 /* Coordinator.swift in Sources */ = {isa = PBXBuildFile; fileRef = 073F482823F5604C003011F0 /* Coordinator.swift */; };
		0740B3C7242E0F56003D7520 /* Training.swift in Sources */ = {isa = PBXBuildFile; fileRef = 0740B3C6242E0F56003D7520 /* Training.swift */; };
		0740B3C9242E1974003D7520 /* UserTrainings.swift in Sources */ = {isa = PBXBuildFile; fileRef = 0740B3C8242E1974003D7520 /* UserTrainings.swift */; };
		074265FF240BC6C6003F2C32 /* Exercise.swift in Sources */ = {isa = PBXBuildFile; fileRef = 074265FE240BC6C6003F2C32 /* Exercise.swift */; };
		07426603240BCB4B003F2C32 /* TrainingSessionView.swift in Sources */ = {isa = PBXBuildFile; fileRef = 07426602240BCB4B003F2C32 /* TrainingSessionView.swift */; };
		07426605240BCE20003F2C32 /* DateBelt.swift in Sources */ = {isa = PBXBuildFile; fileRef = 07426604240BCE20003F2C32 /* DateBelt.swift */; };
		07426608240BFD2A003F2C32 /* AddButton.swift in Sources */ = {isa = PBXBuildFile; fileRef = 07426607240BFD2A003F2C32 /* AddButton.swift */; };
		0742660D240C11C6003F2C32 /* ExercisesListView.swift in Sources */ = {isa = PBXBuildFile; fileRef = 0742660C240C11C6003F2C32 /* ExercisesListView.swift */; };
		0742660F240C1B72003F2C32 /* ExerciseListRow.swift in Sources */ = {isa = PBXBuildFile; fileRef = 0742660E240C1B72003F2C32 /* ExerciseListRow.swift */; };
		07489CAC243CA39B00FB5589 /* ChooseProgramView.swift in Sources */ = {isa = PBXBuildFile; fileRef = 07489CAB243CA39B00FB5589 /* ChooseProgramView.swift */; };
		0757023F23A4D89500030991 /* RectangularButtonStyle.swift in Sources */ = {isa = PBXBuildFile; fileRef = 0757023E23A4D89500030991 /* RectangularButtonStyle.swift */; };
		0757024323A4EAD500030991 /* ColorfulPicker.swift in Sources */ = {isa = PBXBuildFile; fileRef = 0757024223A4EAD500030991 /* ColorfulPicker.swift */; };
		075A31F323FF19ED006613A2 /* DateConverter.swift in Sources */ = {isa = PBXBuildFile; fileRef = 075A31F223FF19ED006613A2 /* DateConverter.swift */; };
		075A31F5240683C4006613A2 /* FireBaseSession.swift in Sources */ = {isa = PBXBuildFile; fileRef = 075A31F4240683C4006613A2 /* FireBaseSession.swift */; };
		075A31FA24096EBD006613A2 /* TrainingNoteView.swift in Sources */ = {isa = PBXBuildFile; fileRef = 075A31F924096EBD006613A2 /* TrainingNoteView.swift */; };
		075DE10C242A2CB8005666A7 /* SeriesTextFields.swift in Sources */ = {isa = PBXBuildFile; fileRef = 075DE10B242A2CB8005666A7 /* SeriesTextFields.swift */; };
		077ECD4123B0F020005A1B76 /* ProfileEditView.swift in Sources */ = {isa = PBXBuildFile; fileRef = 077ECD4023B0F020005A1B76 /* ProfileEditView.swift */; };
		077ECD4323B0F4A1005A1B76 /* UserData.swift in Sources */ = {isa = PBXBuildFile; fileRef = 077ECD4223B0F4A1005A1B76 /* UserData.swift */; };
		07840A92248ACD8100FC3019 /* CancelEditModeButton.swift in Sources */ = {isa = PBXBuildFile; fileRef = 07840A91248ACD8100FC3019 /* CancelEditModeButton.swift */; };
		07840A94248B9D9400FC3019 /* ContentView.swift in Sources */ = {isa = PBXBuildFile; fileRef = 07840A93248B9D9400FC3019 /* ContentView.swift */; };
		07840A99248BA17900FC3019 /* SignOutButton.swift in Sources */ = {isa = PBXBuildFile; fileRef = 07840A98248BA17900FC3019 /* SignOutButton.swift */; };
		07840A9B248BD4E900FC3019 /* EditModeButton.swift in Sources */ = {isa = PBXBuildFile; fileRef = 07840A9A248BD4E900FC3019 /* EditModeButton.swift */; };
		07A8D3FD23AD338B0051D493 /* ProfileButton.swift in Sources */ = {isa = PBXBuildFile; fileRef = 07A8D3FC23AD338B0051D493 /* ProfileButton.swift */; };
		07A8D3FF23AD44E70051D493 /* BackButton.swift in Sources */ = {isa = PBXBuildFile; fileRef = 07A8D3FE23AD44E70051D493 /* BackButton.swift */; };
		07C0B96A2397BE00001632A0 /* AppDelegate.swift in Sources */ = {isa = PBXBuildFile; fileRef = 07C0B9692397BE00001632A0 /* AppDelegate.swift */; };
		07C0B96C2397BE00001632A0 /* SceneDelegate.swift in Sources */ = {isa = PBXBuildFile; fileRef = 07C0B96B2397BE00001632A0 /* SceneDelegate.swift */; };
		07C0B9702397BE03001632A0 /* Assets.xcassets in Resources */ = {isa = PBXBuildFile; fileRef = 07C0B96F2397BE03001632A0 /* Assets.xcassets */; };
		07C0B9732397BE03001632A0 /* Preview Assets.xcassets in Resources */ = {isa = PBXBuildFile; fileRef = 07C0B9722397BE03001632A0 /* Preview Assets.xcassets */; };
		07C0B9762397BE03001632A0 /* LaunchScreen.storyboard in Resources */ = {isa = PBXBuildFile; fileRef = 07C0B9742397BE03001632A0 /* LaunchScreen.storyboard */; };
		07C0B9832397DE58001632A0 /* UserProfile.swift in Sources */ = {isa = PBXBuildFile; fileRef = 07C0B9822397DE58001632A0 /* UserProfile.swift */; };
		07C0B987239816EA001632A0 /* WelcomeView.swift in Sources */ = {isa = PBXBuildFile; fileRef = 07C0B986239816EA001632A0 /* WelcomeView.swift */; };
		07C0B98923990D0E001632A0 /* LoginView.swift in Sources */ = {isa = PBXBuildFile; fileRef = 07C0B98823990D0E001632A0 /* LoginView.swift */; };
		07C0B98B23992267001632A0 /* SignupView.swift in Sources */ = {isa = PBXBuildFile; fileRef = 07C0B98A23992267001632A0 /* SignupView.swift */; };
		07C0B98E239A73C8001632A0 /* HomeView.swift in Sources */ = {isa = PBXBuildFile; fileRef = 07C0B98D239A73C8001632A0 /* HomeView.swift */; };
		07C0B99823A144DF001632A0 /* KeyboardHost.swift in Sources */ = {isa = PBXBuildFile; fileRef = 07C0B99723A144DF001632A0 /* KeyboardHost.swift */; };
		07C0B99C23A273D9001632A0 /* SwitchableSecureField.swift in Sources */ = {isa = PBXBuildFile; fileRef = 07C0B99B23A273D9001632A0 /* SwitchableSecureField.swift */; };
		07C3754E241905AE00A6BE5C /* ExerciseDetails.swift in Sources */ = {isa = PBXBuildFile; fileRef = 07C3754D241905AE00A6BE5C /* ExerciseDetails.swift */; };
		07C922E02410EA2300AF6010 /* SearchBar.swift in Sources */ = {isa = PBXBuildFile; fileRef = 07C922DF2410EA2300AF6010 /* SearchBar.swift */; };
		07C922E22411078700AF6010 /* ExitButton.swift in Sources */ = {isa = PBXBuildFile; fileRef = 07C922E12411078700AF6010 /* ExitButton.swift */; };
		07C922E424110A5700AF6010 /* AddBarItem.swift in Sources */ = {isa = PBXBuildFile; fileRef = 07C922E324110A5700AF6010 /* AddBarItem.swift */; };
		07C922E62411140000AF6010 /* NavigationConfigurator.swift in Sources */ = {isa = PBXBuildFile; fileRef = 07C922E52411140000AF6010 /* NavigationConfigurator.swift */; };
		07C922E82411582400AF6010 /* DualColorCheckmark.swift in Sources */ = {isa = PBXBuildFile; fileRef = 07C922E72411582400AF6010 /* DualColorCheckmark.swift */; };
		07C922EC2416693D00AF6010 /* AddUserExerciseView.swift in Sources */ = {isa = PBXBuildFile; fileRef = 07C922EB2416693D00AF6010 /* AddUserExerciseView.swift */; };
		07C922EE2416DBF800AF6010 /* TrainingSessionListRow.swift in Sources */ = {isa = PBXBuildFile; fileRef = 07C922ED2416DBF800AF6010 /* TrainingSessionListRow.swift */; };
		07FCCE6F24817238008FE164 /* MainContainer.swift in Sources */ = {isa = PBXBuildFile; fileRef = 07FCCE6E24817238008FE164 /* MainContainer.swift */; };
		07FCCE7124817470008FE164 /* NoteView.swift in Sources */ = {isa = PBXBuildFile; fileRef = 07FCCE7024817470008FE164 /* NoteView.swift */; };
		07FCCE732482C8AD008FE164 /* ProfileHost.swift in Sources */ = {isa = PBXBuildFile; fileRef = 07FCCE722482C8AC008FE164 /* ProfileHost.swift */; };
		1B373EB5305511AB67498B64 /* libPods-GymNote.a in Frameworks */ = {isa = PBXBuildFile; fileRef = CDEA7BA808CFAE3021932793 /* libPods-GymNote.a */; };
/* End PBXBuildFile section */

/* Begin PBXFileReference section */
		0720992023F7417E00B75CF5 /* DoneConformAlert.swift */ = {isa = PBXFileReference; lastKnownFileType = sourcecode.swift; path = DoneConformAlert.swift; sourceTree = "<group>"; };
		0727887023AA473500092E24 /* ProfileView.swift */ = {isa = PBXFileReference; lastKnownFileType = sourcecode.swift; path = ProfileView.swift; sourceTree = "<group>"; };
		0736F9DC23CA3F0C00626599 /* ChangeButton.swift */ = {isa = PBXFileReference; lastKnownFileType = sourcecode.swift; path = ChangeButton.swift; sourceTree = "<group>"; };
		0736F9DE23CA4CBA00626599 /* DoneButton.swift */ = {isa = PBXFileReference; lastKnownFileType = sourcecode.swift; path = DoneButton.swift; sourceTree = "<group>"; };
		073B917923A4025800F38F1D /* CircleImage.swift */ = {isa = PBXFileReference; lastKnownFileType = sourcecode.swift; path = CircleImage.swift; sourceTree = "<group>"; };
		073CD7092452F18000C0913B /* ProgramSessionView.swift */ = {isa = PBXFileReference; lastKnownFileType = sourcecode.swift; path = ProgramSessionView.swift; sourceTree = "<group>"; };
		073CD70B2452FDA800C0913B /* ProgramSessionListRow.swift */ = {isa = PBXFileReference; lastKnownFileType = sourcecode.swift; path = ProgramSessionListRow.swift; sourceTree = "<group>"; };
		073DEAD2248E92CD008F3C72 /* NoteHost.swift */ = {isa = PBXFileReference; lastKnownFileType = sourcecode.swift; path = NoteHost.swift; sourceTree = "<group>"; };
		073DEAD4248ECBCB008F3C72 /* EditNoteView.swift */ = {isa = PBXFileReference; lastKnownFileType = sourcecode.swift; path = EditNoteView.swift; sourceTree = "<group>"; };
		073DEAD7248ECCD7008F3C72 /* TrainingRow.swift */ = {isa = PBXFileReference; lastKnownFileType = sourcecode.swift; path = TrainingRow.swift; sourceTree = "<group>"; };
		073DEAD9248ED394008F3C72 /* TrainingDetails.swift */ = {isa = PBXFileReference; lastKnownFileType = sourcecode.swift; path = TrainingDetails.swift; sourceTree = "<group>"; };
		073DEADC2490D88B008F3C72 /* EditTrainingRow.swift */ = {isa = PBXFileReference; lastKnownFileType = sourcecode.swift; path = EditTrainingRow.swift; sourceTree = "<group>"; };
		073DEF972433403300644ED3 /* CreateProgramView.swift */ = {isa = PBXFileReference; lastKnownFileType = sourcecode.swift; path = CreateProgramView.swift; sourceTree = "<group>"; };
		073DEF992433545C00644ED3 /* CreateProgramListRow.swift */ = {isa = PBXFileReference; lastKnownFileType = sourcecode.swift; path = CreateProgramListRow.swift; sourceTree = "<group>"; };
		073DEF9B2433556100644ED3 /* SetSeriesView.swift */ = {isa = PBXFileReference; lastKnownFileType = sourcecode.swift; path = SetSeriesView.swift; sourceTree = "<group>"; };
		073E6C9423AA215800A06E80 /* TitleBelt.swift */ = {isa = PBXFileReference; lastKnownFileType = sourcecode.swift; path = TitleBelt.swift; sourceTree = "<group>"; };
		073F482323F43A8F003011F0 /* GoogleService-Info.plist */ = {isa = PBXFileReference; fileEncoding = 4; lastKnownFileType = text.plist.xml; path = "GoogleService-Info.plist"; sourceTree = "<group>"; };
		073F482623F55F47003011F0 /* CaptureImageView.swift */ = {isa = PBXFileReference; lastKnownFileType = sourcecode.swift; path = CaptureImageView.swift; sourceTree = "<group>"; };
		073F482823F5604C003011F0 /* Coordinator.swift */ = {isa = PBXFileReference; lastKnownFileType = sourcecode.swift; path = Coordinator.swift; sourceTree = "<group>"; };
		0740B3C6242E0F56003D7520 /* Training.swift */ = {isa = PBXFileReference; lastKnownFileType = sourcecode.swift; path = Training.swift; sourceTree = "<group>"; };
		0740B3C8242E1974003D7520 /* UserTrainings.swift */ = {isa = PBXFileReference; lastKnownFileType = sourcecode.swift; path = UserTrainings.swift; sourceTree = "<group>"; };
		074265FE240BC6C6003F2C32 /* Exercise.swift */ = {isa = PBXFileReference; lastKnownFileType = sourcecode.swift; path = Exercise.swift; sourceTree = "<group>"; };
		07426602240BCB4B003F2C32 /* TrainingSessionView.swift */ = {isa = PBXFileReference; lastKnownFileType = sourcecode.swift; path = TrainingSessionView.swift; sourceTree = "<group>"; };
		07426604240BCE20003F2C32 /* DateBelt.swift */ = {isa = PBXFileReference; lastKnownFileType = sourcecode.swift; path = DateBelt.swift; sourceTree = "<group>"; };
		07426607240BFD2A003F2C32 /* AddButton.swift */ = {isa = PBXFileReference; lastKnownFileType = sourcecode.swift; path = AddButton.swift; sourceTree = "<group>"; };
		0742660C240C11C6003F2C32 /* ExercisesListView.swift */ = {isa = PBXFileReference; lastKnownFileType = sourcecode.swift; path = ExercisesListView.swift; sourceTree = "<group>"; };
		0742660E240C1B72003F2C32 /* ExerciseListRow.swift */ = {isa = PBXFileReference; lastKnownFileType = sourcecode.swift; path = ExerciseListRow.swift; sourceTree = "<group>"; };
		07489CAB243CA39B00FB5589 /* ChooseProgramView.swift */ = {isa = PBXFileReference; lastKnownFileType = sourcecode.swift; path = ChooseProgramView.swift; sourceTree = "<group>"; };
		0757023E23A4D89500030991 /* RectangularButtonStyle.swift */ = {isa = PBXFileReference; lastKnownFileType = sourcecode.swift; path = RectangularButtonStyle.swift; sourceTree = "<group>"; };
		0757024223A4EAD500030991 /* ColorfulPicker.swift */ = {isa = PBXFileReference; lastKnownFileType = sourcecode.swift; path = ColorfulPicker.swift; sourceTree = "<group>"; };
		075A31F223FF19ED006613A2 /* DateConverter.swift */ = {isa = PBXFileReference; lastKnownFileType = sourcecode.swift; path = DateConverter.swift; sourceTree = "<group>"; };
		075A31F4240683C4006613A2 /* FireBaseSession.swift */ = {isa = PBXFileReference; lastKnownFileType = sourcecode.swift; path = FireBaseSession.swift; sourceTree = "<group>"; };
		075A31F924096EBD006613A2 /* TrainingNoteView.swift */ = {isa = PBXFileReference; lastKnownFileType = sourcecode.swift; path = TrainingNoteView.swift; sourceTree = "<group>"; };
		075DE10B242A2CB8005666A7 /* SeriesTextFields.swift */ = {isa = PBXFileReference; lastKnownFileType = sourcecode.swift; path = SeriesTextFields.swift; sourceTree = "<group>"; };
		077ECD4023B0F020005A1B76 /* ProfileEditView.swift */ = {isa = PBXFileReference; lastKnownFileType = sourcecode.swift; path = ProfileEditView.swift; sourceTree = "<group>"; };
		077ECD4223B0F4A1005A1B76 /* UserData.swift */ = {isa = PBXFileReference; lastKnownFileType = sourcecode.swift; path = UserData.swift; sourceTree = "<group>"; };
		07840A91248ACD8100FC3019 /* CancelEditModeButton.swift */ = {isa = PBXFileReference; lastKnownFileType = sourcecode.swift; path = CancelEditModeButton.swift; sourceTree = "<group>"; };
		07840A93248B9D9400FC3019 /* ContentView.swift */ = {isa = PBXFileReference; lastKnownFileType = sourcecode.swift; path = ContentView.swift; sourceTree = "<group>"; };
		07840A98248BA17900FC3019 /* SignOutButton.swift */ = {isa = PBXFileReference; lastKnownFileType = sourcecode.swift; path = SignOutButton.swift; sourceTree = "<group>"; };
		07840A9A248BD4E900FC3019 /* EditModeButton.swift */ = {isa = PBXFileReference; lastKnownFileType = sourcecode.swift; path = EditModeButton.swift; sourceTree = "<group>"; };
		07A8D3FC23AD338B0051D493 /* ProfileButton.swift */ = {isa = PBXFileReference; lastKnownFileType = sourcecode.swift; path = ProfileButton.swift; sourceTree = "<group>"; };
		07A8D3FE23AD44E70051D493 /* BackButton.swift */ = {isa = PBXFileReference; lastKnownFileType = sourcecode.swift; path = BackButton.swift; sourceTree = "<group>"; };
		07C0B9662397BE00001632A0 /* GymNote.app */ = {isa = PBXFileReference; explicitFileType = wrapper.application; includeInIndex = 0; path = GymNote.app; sourceTree = BUILT_PRODUCTS_DIR; };
		07C0B9692397BE00001632A0 /* AppDelegate.swift */ = {isa = PBXFileReference; lastKnownFileType = sourcecode.swift; path = AppDelegate.swift; sourceTree = "<group>"; };
		07C0B96B2397BE00001632A0 /* SceneDelegate.swift */ = {isa = PBXFileReference; lastKnownFileType = sourcecode.swift; path = SceneDelegate.swift; sourceTree = "<group>"; };
		07C0B96F2397BE03001632A0 /* Assets.xcassets */ = {isa = PBXFileReference; lastKnownFileType = folder.assetcatalog; path = Assets.xcassets; sourceTree = "<group>"; };
		07C0B9722397BE03001632A0 /* Preview Assets.xcassets */ = {isa = PBXFileReference; lastKnownFileType = folder.assetcatalog; path = "Preview Assets.xcassets"; sourceTree = "<group>"; };
		07C0B9752397BE03001632A0 /* Base */ = {isa = PBXFileReference; lastKnownFileType = file.storyboard; name = Base; path = Base.lproj/LaunchScreen.storyboard; sourceTree = "<group>"; };
		07C0B9772397BE03001632A0 /* Info.plist */ = {isa = PBXFileReference; lastKnownFileType = text.plist.xml; path = Info.plist; sourceTree = "<group>"; };
		07C0B9822397DE58001632A0 /* UserProfile.swift */ = {isa = PBXFileReference; lastKnownFileType = sourcecode.swift; path = UserProfile.swift; sourceTree = "<group>"; };
		07C0B986239816EA001632A0 /* WelcomeView.swift */ = {isa = PBXFileReference; lastKnownFileType = sourcecode.swift; path = WelcomeView.swift; sourceTree = "<group>"; };
		07C0B98823990D0E001632A0 /* LoginView.swift */ = {isa = PBXFileReference; lastKnownFileType = sourcecode.swift; path = LoginView.swift; sourceTree = "<group>"; };
		07C0B98A23992267001632A0 /* SignupView.swift */ = {isa = PBXFileReference; lastKnownFileType = sourcecode.swift; path = SignupView.swift; sourceTree = "<group>"; };
		07C0B98D239A73C8001632A0 /* HomeView.swift */ = {isa = PBXFileReference; lastKnownFileType = sourcecode.swift; path = HomeView.swift; sourceTree = "<group>"; };
		07C0B99723A144DF001632A0 /* KeyboardHost.swift */ = {isa = PBXFileReference; lastKnownFileType = sourcecode.swift; path = KeyboardHost.swift; sourceTree = "<group>"; };
		07C0B99B23A273D9001632A0 /* SwitchableSecureField.swift */ = {isa = PBXFileReference; lastKnownFileType = sourcecode.swift; path = SwitchableSecureField.swift; sourceTree = "<group>"; };
		07C3754D241905AE00A6BE5C /* ExerciseDetails.swift */ = {isa = PBXFileReference; lastKnownFileType = sourcecode.swift; path = ExerciseDetails.swift; sourceTree = "<group>"; };
		07C922DF2410EA2300AF6010 /* SearchBar.swift */ = {isa = PBXFileReference; lastKnownFileType = sourcecode.swift; path = SearchBar.swift; sourceTree = "<group>"; };
		07C922E12411078700AF6010 /* ExitButton.swift */ = {isa = PBXFileReference; lastKnownFileType = sourcecode.swift; path = ExitButton.swift; sourceTree = "<group>"; };
		07C922E324110A5700AF6010 /* AddBarItem.swift */ = {isa = PBXFileReference; lastKnownFileType = sourcecode.swift; path = AddBarItem.swift; sourceTree = "<group>"; };
		07C922E52411140000AF6010 /* NavigationConfigurator.swift */ = {isa = PBXFileReference; lastKnownFileType = sourcecode.swift; path = NavigationConfigurator.swift; sourceTree = "<group>"; };
		07C922E72411582400AF6010 /* DualColorCheckmark.swift */ = {isa = PBXFileReference; lastKnownFileType = sourcecode.swift; path = DualColorCheckmark.swift; sourceTree = "<group>"; };
		07C922EB2416693D00AF6010 /* AddUserExerciseView.swift */ = {isa = PBXFileReference; lastKnownFileType = sourcecode.swift; path = AddUserExerciseView.swift; sourceTree = "<group>"; };
		07C922ED2416DBF800AF6010 /* TrainingSessionListRow.swift */ = {isa = PBXFileReference; lastKnownFileType = sourcecode.swift; path = TrainingSessionListRow.swift; sourceTree = "<group>"; };
		07FCCE6E24817238008FE164 /* MainContainer.swift */ = {isa = PBXFileReference; lastKnownFileType = sourcecode.swift; path = MainContainer.swift; sourceTree = "<group>"; };
		07FCCE7024817470008FE164 /* NoteView.swift */ = {isa = PBXFileReference; lastKnownFileType = sourcecode.swift; path = NoteView.swift; sourceTree = "<group>"; };
		07FCCE722482C8AC008FE164 /* ProfileHost.swift */ = {isa = PBXFileReference; lastKnownFileType = sourcecode.swift; path = ProfileHost.swift; sourceTree = "<group>"; };
		92418A42585CD4BBC0A8B4F7 /* Pods-GymNote.release.xcconfig */ = {isa = PBXFileReference; includeInIndex = 1; lastKnownFileType = text.xcconfig; name = "Pods-GymNote.release.xcconfig"; path = "Target Support Files/Pods-GymNote/Pods-GymNote.release.xcconfig"; sourceTree = "<group>"; };
		9C640CDF02DF30CA87AB78FE /* Pods-GymNote.debug.xcconfig */ = {isa = PBXFileReference; includeInIndex = 1; lastKnownFileType = text.xcconfig; name = "Pods-GymNote.debug.xcconfig"; path = "Target Support Files/Pods-GymNote/Pods-GymNote.debug.xcconfig"; sourceTree = "<group>"; };
		CDEA7BA808CFAE3021932793 /* libPods-GymNote.a */ = {isa = PBXFileReference; explicitFileType = archive.ar; includeInIndex = 0; path = "libPods-GymNote.a"; sourceTree = BUILT_PRODUCTS_DIR; };
/* End PBXFileReference section */

/* Begin PBXFrameworksBuildPhase section */
		07C0B9632397BE00001632A0 /* Frameworks */ = {
			isa = PBXFrameworksBuildPhase;
			buildActionMask = 2147483647;
			files = (
				1B373EB5305511AB67498B64 /* libPods-GymNote.a in Frameworks */,
			);
			runOnlyForDeploymentPostprocessing = 0;
		};
/* End PBXFrameworksBuildPhase section */

/* Begin PBXGroup section */
		073DEAD6248ECC65008F3C72 /* NoteViewSupportingViews */ = {
			isa = PBXGroup;
			children = (
				073DEAD7248ECCD7008F3C72 /* TrainingRow.swift */,
				073DEAD9248ED394008F3C72 /* TrainingDetails.swift */,
			);
			path = NoteViewSupportingViews;
			sourceTree = "<group>";
		};
		073DEADB2490D853008F3C72 /* EditNoteSupportingViews */ = {
			isa = PBXGroup;
			children = (
				073DEADC2490D88B008F3C72 /* EditTrainingRow.swift */,
			);
			path = EditNoteSupportingViews;
			sourceTree = "<group>";
		};
		073DEF9D24338ABC00644ED3 /* CreateProgramSupportingView */ = {
			isa = PBXGroup;
			children = (
				073DEF992433545C00644ED3 /* CreateProgramListRow.swift */,
				073DEF9B2433556100644ED3 /* SetSeriesView.swift */,
			);
			path = CreateProgramSupportingView;
			sourceTree = "<group>";
		};
		073F482523F55F13003011F0 /* PhotoHandler */ = {
			isa = PBXGroup;
			children = (
				073F482623F55F47003011F0 /* CaptureImageView.swift */,
				073F482823F5604C003011F0 /* Coordinator.swift */,
			);
			path = PhotoHandler;
			sourceTree = "<group>";
		};
		0740B3CA24321DE9003D7520 /* TrainingSessionSupportingViews */ = {
			isa = PBXGroup;
			children = (
				07C922ED2416DBF800AF6010 /* TrainingSessionListRow.swift */,
				07C3754D241905AE00A6BE5C /* ExerciseDetails.swift */,
			);
			path = TrainingSessionSupportingViews;
			sourceTree = "<group>";
		};
		0740B3CB24321E40003D7520 /* ExerciseListSupportingViews */ = {
			isa = PBXGroup;
			children = (
				0742660E240C1B72003F2C32 /* ExerciseListRow.swift */,
				07C922EB2416693D00AF6010 /* AddUserExerciseView.swift */,
			);
			path = ExerciseListSupportingViews;
			sourceTree = "<group>";
		};
		07426606240BCEC4003F2C32 /* DesignBelts */ = {
			isa = PBXGroup;
			children = (
				073E6C9423AA215800A06E80 /* TitleBelt.swift */,
				07426604240BCE20003F2C32 /* DateBelt.swift */,
			);
			path = DesignBelts;
			sourceTree = "<group>";
		};
		075A31F624094C9F006613A2 /* CustomButtons */ = {
			isa = PBXGroup;
			children = (
				0757023E23A4D89500030991 /* RectangularButtonStyle.swift */,
				07A8D3FC23AD338B0051D493 /* ProfileButton.swift */,
				07A8D3FE23AD44E70051D493 /* BackButton.swift */,
				0736F9DE23CA4CBA00626599 /* DoneButton.swift */,
				0736F9DC23CA3F0C00626599 /* ChangeButton.swift */,
				07426607240BFD2A003F2C32 /* AddButton.swift */,
				07C922E12411078700AF6010 /* ExitButton.swift */,
				07C922E324110A5700AF6010 /* AddBarItem.swift */,
				07840A98248BA17900FC3019 /* SignOutButton.swift */,
				07840A91248ACD8100FC3019 /* CancelEditModeButton.swift */,
				07840A9A248BD4E900FC3019 /* EditModeButton.swift */,
			);
			path = CustomButtons;
			sourceTree = "<group>";
		};
		075DE10D242A7CAC005666A7 /* CustomTextFields */ = {
			isa = PBXGroup;
			children = (
				07C0B99B23A273D9001632A0 /* SwitchableSecureField.swift */,
				075DE10B242A2CB8005666A7 /* SeriesTextFields.swift */,
			);
			path = CustomTextFields;
			sourceTree = "<group>";
		};
		077ECD3F23B0EFF6005A1B76 /* Profile */ = {
			isa = PBXGroup;
			children = (
				07FCCE722482C8AC008FE164 /* ProfileHost.swift */,
				0727887023AA473500092E24 /* ProfileView.swift */,
				077ECD4023B0F020005A1B76 /* ProfileEditView.swift */,
			);
			path = Profile;
			sourceTree = "<group>";
		};
		07840A95248BA05200FC3019 /* Home */ = {
			isa = PBXGroup;
			children = (
				07C0B98D239A73C8001632A0 /* HomeView.swift */,
			);
			path = Home;
			sourceTree = "<group>";
		};
		07840A96248BA06100FC3019 /* Note */ = {
			isa = PBXGroup;
			children = (
				073DEAD2248E92CD008F3C72 /* NoteHost.swift */,
				07FCCE7024817470008FE164 /* NoteView.swift */,
				073DEAD6248ECC65008F3C72 /* NoteViewSupportingViews */,
				073DEAD4248ECBCB008F3C72 /* EditNoteView.swift */,
				073DEADB2490D853008F3C72 /* EditNoteSupportingViews */,
			);
			path = Note;
			sourceTree = "<group>";
		};
		07840A97248BA07200FC3019 /* Welcome */ = {
			isa = PBXGroup;
			children = (
				07C0B986239816EA001632A0 /* WelcomeView.swift */,
				07C0B98C239930CF001632A0 /* WelcomeSupportingViews */,
			);
			path = Welcome;
			sourceTree = "<group>";
		};
		07C0B95D2397BE00001632A0 = {
			isa = PBXGroup;
			children = (
				07C0B9682397BE00001632A0 /* GymNote */,
				07C0B9672397BE00001632A0 /* Products */,
				A2A5960420B34EF85B012997 /* Pods */,
				CB08C92A5CE88983F989A419 /* Frameworks */,
			);
			sourceTree = "<group>";
		};
		07C0B9672397BE00001632A0 /* Products */ = {
			isa = PBXGroup;
			children = (
				07C0B9662397BE00001632A0 /* GymNote.app */,
			);
			name = Products;
			sourceTree = "<group>";
		};
		07C0B9682397BE00001632A0 /* GymNote */ = {
			isa = PBXGroup;
			children = (
				07C0B9692397BE00001632A0 /* AppDelegate.swift */,
				07C0B96B2397BE00001632A0 /* SceneDelegate.swift */,
				07C0B994239FF37A001632A0 /* FireBaseHandler */,
				073F482523F55F13003011F0 /* PhotoHandler */,
				07C0B97D2397D0E2001632A0 /* Model */,
				07840A93248B9D9400FC3019 /* ContentView.swift */,
				07FCCE6E24817238008FE164 /* MainContainer.swift */,
				07840A97248BA07200FC3019 /* Welcome */,
				07840A95248BA05200FC3019 /* Home */,
				07840A96248BA06100FC3019 /* Note */,
				077ECD3F23B0EFF6005A1B76 /* Profile */,
				075A31F924096EBD006613A2 /* TrainingNoteView.swift */,
				07426602240BCB4B003F2C32 /* TrainingSessionView.swift */,
				073DEF972433403300644ED3 /* CreateProgramView.swift */,
				07489CAB243CA39B00FB5589 /* ChooseProgramView.swift */,
				073CD7092452F18000C0913B /* ProgramSessionView.swift */,
				073CD70B2452FDA800C0913B /* ProgramSessionListRow.swift */,
				0740B3CA24321DE9003D7520 /* TrainingSessionSupportingViews */,
				073DEF9D24338ABC00644ED3 /* CreateProgramSupportingView */,
				0742660C240C11C6003F2C32 /* ExercisesListView.swift */,
				0740B3CB24321E40003D7520 /* ExerciseListSupportingViews */,
				07C0B99D23A2A812001632A0 /* CustomReusableComponents */,
				07C0B96F2397BE03001632A0 /* Assets.xcassets */,
				07C0B9742397BE03001632A0 /* LaunchScreen.storyboard */,
				07C0B9772397BE03001632A0 /* Info.plist */,
				073F482323F43A8F003011F0 /* GoogleService-Info.plist */,
				07C0B9712397BE03001632A0 /* Preview Content */,
			);
			path = GymNote;
			sourceTree = "<group>";
		};
		07C0B9712397BE03001632A0 /* Preview Content */ = {
			isa = PBXGroup;
			children = (
				07C0B9722397BE03001632A0 /* Preview Assets.xcassets */,
			);
			path = "Preview Content";
			sourceTree = "<group>";
		};
		07C0B97D2397D0E2001632A0 /* Model */ = {
			isa = PBXGroup;
			children = (
				077ECD4223B0F4A1005A1B76 /* UserData.swift */,
				07C0B9822397DE58001632A0 /* UserProfile.swift */,
				0740B3C8242E1974003D7520 /* UserTrainings.swift */,
				0740B3C6242E0F56003D7520 /* Training.swift */,
				074265FE240BC6C6003F2C32 /* Exercise.swift */,
			);
			path = Model;
			sourceTree = "<group>";
		};
		07C0B98C239930CF001632A0 /* WelcomeSupportingViews */ = {
			isa = PBXGroup;
			children = (
				07C0B98A23992267001632A0 /* SignupView.swift */,
				07C0B98823990D0E001632A0 /* LoginView.swift */,
			);
			path = WelcomeSupportingViews;
			sourceTree = "<group>";
		};
		07C0B994239FF37A001632A0 /* FireBaseHandler */ = {
			isa = PBXGroup;
			children = (
				075A31F4240683C4006613A2 /* FireBaseSession.swift */,
			);
			path = FireBaseHandler;
			sourceTree = "<group>";
		};
		07C0B99D23A2A812001632A0 /* CustomReusableComponents */ = {
			isa = PBXGroup;
			children = (
				07426606240BCEC4003F2C32 /* DesignBelts */,
				075A31F624094C9F006613A2 /* CustomButtons */,
				075DE10D242A7CAC005666A7 /* CustomTextFields */,
				07C0B99723A144DF001632A0 /* KeyboardHost.swift */,
				073B917923A4025800F38F1D /* CircleImage.swift */,
				0757024223A4EAD500030991 /* ColorfulPicker.swift */,
				0720992023F7417E00B75CF5 /* DoneConformAlert.swift */,
				075A31F223FF19ED006613A2 /* DateConverter.swift */,
				07C922DF2410EA2300AF6010 /* SearchBar.swift */,
				07C922E52411140000AF6010 /* NavigationConfigurator.swift */,
				07C922E72411582400AF6010 /* DualColorCheckmark.swift */,
			);
			path = CustomReusableComponents;
			sourceTree = "<group>";
		};
		A2A5960420B34EF85B012997 /* Pods */ = {
			isa = PBXGroup;
			children = (
				9C640CDF02DF30CA87AB78FE /* Pods-GymNote.debug.xcconfig */,
				92418A42585CD4BBC0A8B4F7 /* Pods-GymNote.release.xcconfig */,
			);
			path = Pods;
			sourceTree = "<group>";
		};
		CB08C92A5CE88983F989A419 /* Frameworks */ = {
			isa = PBXGroup;
			children = (
				CDEA7BA808CFAE3021932793 /* libPods-GymNote.a */,
			);
			name = Frameworks;
			sourceTree = "<group>";
		};
/* End PBXGroup section */

/* Begin PBXNativeTarget section */
		07C0B9652397BE00001632A0 /* GymNote */ = {
			isa = PBXNativeTarget;
			buildConfigurationList = 07C0B97A2397BE03001632A0 /* Build configuration list for PBXNativeTarget "GymNote" */;
			buildPhases = (
				785D985A24730FF17E544B45 /* [CP] Check Pods Manifest.lock */,
				07C0B9622397BE00001632A0 /* Sources */,
				07C0B9632397BE00001632A0 /* Frameworks */,
				07C0B9642397BE00001632A0 /* Resources */,
			);
			buildRules = (
			);
			dependencies = (
			);
			name = GymNote;
			productName = GymNote;
			productReference = 07C0B9662397BE00001632A0 /* GymNote.app */;
			productType = "com.apple.product-type.application";
		};
/* End PBXNativeTarget section */

/* Begin PBXProject section */
		07C0B95E2397BE00001632A0 /* Project object */ = {
			isa = PBXProject;
			attributes = {
				LastSwiftUpdateCheck = 1120;
				LastUpgradeCheck = 1120;
				ORGANIZATIONNAME = "Rafał Swat";
				TargetAttributes = {
					07C0B9652397BE00001632A0 = {
						CreatedOnToolsVersion = 11.2.1;
					};
				};
			};
			buildConfigurationList = 07C0B9612397BE00001632A0 /* Build configuration list for PBXProject "GymNote" */;
			compatibilityVersion = "Xcode 9.3";
			developmentRegion = en;
			hasScannedForEncodings = 0;
			knownRegions = (
				en,
				Base,
			);
			mainGroup = 07C0B95D2397BE00001632A0;
			productRefGroup = 07C0B9672397BE00001632A0 /* Products */;
			projectDirPath = "";
			projectRoot = "";
			targets = (
				07C0B9652397BE00001632A0 /* GymNote */,
			);
		};
/* End PBXProject section */

/* Begin PBXResourcesBuildPhase section */
		07C0B9642397BE00001632A0 /* Resources */ = {
			isa = PBXResourcesBuildPhase;
			buildActionMask = 2147483647;
			files = (
				07C0B9762397BE03001632A0 /* LaunchScreen.storyboard in Resources */,
				073F482423F43A8F003011F0 /* GoogleService-Info.plist in Resources */,
				07C0B9732397BE03001632A0 /* Preview Assets.xcassets in Resources */,
				07C0B9702397BE03001632A0 /* Assets.xcassets in Resources */,
			);
			runOnlyForDeploymentPostprocessing = 0;
		};
/* End PBXResourcesBuildPhase section */

/* Begin PBXShellScriptBuildPhase section */
		785D985A24730FF17E544B45 /* [CP] Check Pods Manifest.lock */ = {
			isa = PBXShellScriptBuildPhase;
			buildActionMask = 2147483647;
			files = (
			);
			inputFileListPaths = (
			);
			inputPaths = (
				"${PODS_PODFILE_DIR_PATH}/Podfile.lock",
				"${PODS_ROOT}/Manifest.lock",
			);
			name = "[CP] Check Pods Manifest.lock";
			outputFileListPaths = (
			);
			outputPaths = (
				"$(DERIVED_FILE_DIR)/Pods-GymNote-checkManifestLockResult.txt",
			);
			runOnlyForDeploymentPostprocessing = 0;
			shellPath = /bin/sh;
			shellScript = "diff \"${PODS_PODFILE_DIR_PATH}/Podfile.lock\" \"${PODS_ROOT}/Manifest.lock\" > /dev/null\nif [ $? != 0 ] ; then\n    # print error to STDERR\n    echo \"error: The sandbox is not in sync with the Podfile.lock. Run 'pod install' or update your CocoaPods installation.\" >&2\n    exit 1\nfi\n# This output is used by Xcode 'outputs' to avoid re-running this script phase.\necho \"SUCCESS\" > \"${SCRIPT_OUTPUT_FILE_0}\"\n";
			showEnvVarsInLog = 0;
		};
/* End PBXShellScriptBuildPhase section */

/* Begin PBXSourcesBuildPhase section */
		07C0B9622397BE00001632A0 /* Sources */ = {
			isa = PBXSourcesBuildPhase;
			buildActionMask = 2147483647;
			files = (
				0740B3C7242E0F56003D7520 /* Training.swift in Sources */,
				07840A94248B9D9400FC3019 /* ContentView.swift in Sources */,
				07840A92248ACD8100FC3019 /* CancelEditModeButton.swift in Sources */,
				07840A99248BA17900FC3019 /* SignOutButton.swift in Sources */,
				07C3754E241905AE00A6BE5C /* ExerciseDetails.swift in Sources */,
				0736F9DF23CA4CBA00626599 /* DoneButton.swift in Sources */,
				073DEF9A2433545C00644ED3 /* CreateProgramListRow.swift in Sources */,
				07C922E22411078700AF6010 /* ExitButton.swift in Sources */,
				07C0B9832397DE58001632A0 /* UserProfile.swift in Sources */,
				077ECD4123B0F020005A1B76 /* ProfileEditView.swift in Sources */,
				0742660D240C11C6003F2C32 /* ExercisesListView.swift in Sources */,
				07C0B98923990D0E001632A0 /* LoginView.swift in Sources */,
				073DEAD8248ECCD7008F3C72 /* TrainingRow.swift in Sources */,
				07C0B987239816EA001632A0 /* WelcomeView.swift in Sources */,
				07FCCE7124817470008FE164 /* NoteView.swift in Sources */,
				075A31FA24096EBD006613A2 /* TrainingNoteView.swift in Sources */,
				073DEADD2490D88B008F3C72 /* EditTrainingRow.swift in Sources */,
				07C922E02410EA2300AF6010 /* SearchBar.swift in Sources */,
				07C922E424110A5700AF6010 /* AddBarItem.swift in Sources */,
				07C0B99823A144DF001632A0 /* KeyboardHost.swift in Sources */,
				073E6C9523AA215800A06E80 /* TitleBelt.swift in Sources */,
				075A31F5240683C4006613A2 /* FireBaseSession.swift in Sources */,
				07A8D3FF23AD44E70051D493 /* BackButton.swift in Sources */,
				07C922E82411582400AF6010 /* DualColorCheckmark.swift in Sources */,
				07840A9B248BD4E900FC3019 /* EditModeButton.swift in Sources */,
				07FCCE732482C8AD008FE164 /* ProfileHost.swift in Sources */,
				07C922EC2416693D00AF6010 /* AddUserExerciseView.swift in Sources */,
				077ECD4323B0F4A1005A1B76 /* UserData.swift in Sources */,
				0742660F240C1B72003F2C32 /* ExerciseListRow.swift in Sources */,
				075DE10C242A2CB8005666A7 /* SeriesTextFields.swift in Sources */,
				07489CAC243CA39B00FB5589 /* ChooseProgramView.swift in Sources */,
				073DEADA248ED394008F3C72 /* TrainingDetails.swift in Sources */,
				07426603240BCB4B003F2C32 /* TrainingSessionView.swift in Sources */,
				073F482723F55F47003011F0 /* CaptureImageView.swift in Sources */,
				073B917A23A4025800F38F1D /* CircleImage.swift in Sources */,
				073DEAD5248ECBCB008F3C72 /* EditNoteView.swift in Sources */,
				074265FF240BC6C6003F2C32 /* Exercise.swift in Sources */,
				07426608240BFD2A003F2C32 /* AddButton.swift in Sources */,
				07C922EE2416DBF800AF6010 /* TrainingSessionListRow.swift in Sources */,
				0727887123AA473500092E24 /* ProfileView.swift in Sources */,
				073CD70C2452FDA800C0913B /* ProgramSessionListRow.swift in Sources */,
				07C0B96A2397BE00001632A0 /* AppDelegate.swift in Sources */,
				075A31F323FF19ED006613A2 /* DateConverter.swift in Sources */,
				073CD70A2452F18000C0913B /* ProgramSessionView.swift in Sources */,
				07C0B98B23992267001632A0 /* SignupView.swift in Sources */,
				07C922E62411140000AF6010 /* NavigationConfigurator.swift in Sources */,
				073DEF9C2433556100644ED3 /* SetSeriesView.swift in Sources */,
				0720992123F7417E00B75CF5 /* DoneConformAlert.swift in Sources */,
				073DEAD3248E92CD008F3C72 /* NoteHost.swift in Sources */,
				0757023F23A4D89500030991 /* RectangularButtonStyle.swift in Sources */,
				07A8D3FD23AD338B0051D493 /* ProfileButton.swift in Sources */,
				07C0B98E239A73C8001632A0 /* HomeView.swift in Sources */,
				07426605240BCE20003F2C32 /* DateBelt.swift in Sources */,
				07FCCE6F24817238008FE164 /* MainContainer.swift in Sources */,
				0736F9DD23CA3F0C00626599 /* ChangeButton.swift in Sources */,
				07C0B99C23A273D9001632A0 /* SwitchableSecureField.swift in Sources */,
				0740B3C9242E1974003D7520 /* UserTrainings.swift in Sources */,
				073DEF982433403300644ED3 /* CreateProgramView.swift in Sources */,
				073F482923F5604C003011F0 /* Coordinator.swift in Sources */,
				07C0B96C2397BE00001632A0 /* SceneDelegate.swift in Sources */,
				0757024323A4EAD500030991 /* ColorfulPicker.swift in Sources */,
			);
			runOnlyForDeploymentPostprocessing = 0;
		};
/* End PBXSourcesBuildPhase section */

/* Begin PBXVariantGroup section */
		07C0B9742397BE03001632A0 /* LaunchScreen.storyboard */ = {
			isa = PBXVariantGroup;
			children = (
				07C0B9752397BE03001632A0 /* Base */,
			);
			name = LaunchScreen.storyboard;
			sourceTree = "<group>";
		};
/* End PBXVariantGroup section */

/* Begin XCBuildConfiguration section */
		07C0B9782397BE03001632A0 /* Debug */ = {
			isa = XCBuildConfiguration;
			buildSettings = {
				ALWAYS_SEARCH_USER_PATHS = YES;
				CLANG_ANALYZER_NONNULL = YES;
				CLANG_ANALYZER_NUMBER_OBJECT_CONVERSION = YES_AGGRESSIVE;
				CLANG_CXX_LANGUAGE_STANDARD = "gnu++14";
				CLANG_CXX_LIBRARY = "libc++";
				CLANG_ENABLE_MODULES = YES;
				CLANG_ENABLE_OBJC_ARC = YES;
				CLANG_ENABLE_OBJC_WEAK = YES;
				CLANG_WARN_BLOCK_CAPTURE_AUTORELEASING = YES;
				CLANG_WARN_BOOL_CONVERSION = YES;
				CLANG_WARN_COMMA = YES;
				CLANG_WARN_CONSTANT_CONVERSION = YES;
				CLANG_WARN_DEPRECATED_OBJC_IMPLEMENTATIONS = YES;
				CLANG_WARN_DIRECT_OBJC_ISA_USAGE = YES_ERROR;
				CLANG_WARN_DOCUMENTATION_COMMENTS = YES;
				CLANG_WARN_EMPTY_BODY = YES;
				CLANG_WARN_ENUM_CONVERSION = YES;
				CLANG_WARN_INFINITE_RECURSION = YES;
				CLANG_WARN_INT_CONVERSION = YES;
				CLANG_WARN_NON_LITERAL_NULL_CONVERSION = YES;
				CLANG_WARN_OBJC_IMPLICIT_RETAIN_SELF = YES;
				CLANG_WARN_OBJC_LITERAL_CONVERSION = YES;
				CLANG_WARN_OBJC_ROOT_CLASS = YES_ERROR;
				CLANG_WARN_RANGE_LOOP_ANALYSIS = YES;
				CLANG_WARN_STRICT_PROTOTYPES = YES;
				CLANG_WARN_SUSPICIOUS_MOVE = YES;
				CLANG_WARN_UNGUARDED_AVAILABILITY = YES_AGGRESSIVE;
				CLANG_WARN_UNREACHABLE_CODE = YES;
				CLANG_WARN__DUPLICATE_METHOD_MATCH = YES;
				COPY_PHASE_STRIP = NO;
				DEBUG_INFORMATION_FORMAT = dwarf;
				ENABLE_STRICT_OBJC_MSGSEND = YES;
				ENABLE_TESTABILITY = YES;
				GCC_C_LANGUAGE_STANDARD = gnu11;
				GCC_DYNAMIC_NO_PIC = NO;
				GCC_NO_COMMON_BLOCKS = YES;
				GCC_OPTIMIZATION_LEVEL = 0;
				GCC_PREPROCESSOR_DEFINITIONS = (
					"DEBUG=1",
					"$(inherited)",
				);
				GCC_WARN_64_TO_32_BIT_CONVERSION = YES;
				GCC_WARN_ABOUT_RETURN_TYPE = YES_ERROR;
				GCC_WARN_UNDECLARED_SELECTOR = YES;
				GCC_WARN_UNINITIALIZED_AUTOS = YES_AGGRESSIVE;
				GCC_WARN_UNUSED_FUNCTION = YES;
				GCC_WARN_UNUSED_VARIABLE = YES;
				IPHONEOS_DEPLOYMENT_TARGET = 13.2;
				MTL_ENABLE_DEBUG_INFO = INCLUDE_SOURCE;
				MTL_FAST_MATH = YES;
				ONLY_ACTIVE_ARCH = YES;
				SDKROOT = iphoneos;
				SWIFT_ACTIVE_COMPILATION_CONDITIONS = DEBUG;
				SWIFT_OPTIMIZATION_LEVEL = "-Onone";
			};
			name = Debug;
		};
		07C0B9792397BE03001632A0 /* Release */ = {
			isa = XCBuildConfiguration;
			buildSettings = {
				ALWAYS_SEARCH_USER_PATHS = YES;
				CLANG_ANALYZER_NONNULL = YES;
				CLANG_ANALYZER_NUMBER_OBJECT_CONVERSION = YES_AGGRESSIVE;
				CLANG_CXX_LANGUAGE_STANDARD = "gnu++14";
				CLANG_CXX_LIBRARY = "libc++";
				CLANG_ENABLE_MODULES = YES;
				CLANG_ENABLE_OBJC_ARC = YES;
				CLANG_ENABLE_OBJC_WEAK = YES;
				CLANG_WARN_BLOCK_CAPTURE_AUTORELEASING = YES;
				CLANG_WARN_BOOL_CONVERSION = YES;
				CLANG_WARN_COMMA = YES;
				CLANG_WARN_CONSTANT_CONVERSION = YES;
				CLANG_WARN_DEPRECATED_OBJC_IMPLEMENTATIONS = YES;
				CLANG_WARN_DIRECT_OBJC_ISA_USAGE = YES_ERROR;
				CLANG_WARN_DOCUMENTATION_COMMENTS = YES;
				CLANG_WARN_EMPTY_BODY = YES;
				CLANG_WARN_ENUM_CONVERSION = YES;
				CLANG_WARN_INFINITE_RECURSION = YES;
				CLANG_WARN_INT_CONVERSION = YES;
				CLANG_WARN_NON_LITERAL_NULL_CONVERSION = YES;
				CLANG_WARN_OBJC_IMPLICIT_RETAIN_SELF = YES;
				CLANG_WARN_OBJC_LITERAL_CONVERSION = YES;
				CLANG_WARN_OBJC_ROOT_CLASS = YES_ERROR;
				CLANG_WARN_RANGE_LOOP_ANALYSIS = YES;
				CLANG_WARN_STRICT_PROTOTYPES = YES;
				CLANG_WARN_SUSPICIOUS_MOVE = YES;
				CLANG_WARN_UNGUARDED_AVAILABILITY = YES_AGGRESSIVE;
				CLANG_WARN_UNREACHABLE_CODE = YES;
				CLANG_WARN__DUPLICATE_METHOD_MATCH = YES;
				COPY_PHASE_STRIP = NO;
				DEBUG_INFORMATION_FORMAT = "dwarf-with-dsym";
				ENABLE_NS_ASSERTIONS = NO;
				ENABLE_STRICT_OBJC_MSGSEND = YES;
				GCC_C_LANGUAGE_STANDARD = gnu11;
				GCC_NO_COMMON_BLOCKS = YES;
				GCC_WARN_64_TO_32_BIT_CONVERSION = YES;
				GCC_WARN_ABOUT_RETURN_TYPE = YES_ERROR;
				GCC_WARN_UNDECLARED_SELECTOR = YES;
				GCC_WARN_UNINITIALIZED_AUTOS = YES_AGGRESSIVE;
				GCC_WARN_UNUSED_FUNCTION = YES;
				GCC_WARN_UNUSED_VARIABLE = YES;
				IPHONEOS_DEPLOYMENT_TARGET = 13.2;
				MTL_ENABLE_DEBUG_INFO = NO;
				MTL_FAST_MATH = YES;
				SDKROOT = iphoneos;
				SWIFT_COMPILATION_MODE = wholemodule;
				SWIFT_OPTIMIZATION_LEVEL = "-O";
				VALIDATE_PRODUCT = YES;
			};
			name = Release;
		};
		07C0B97B2397BE03001632A0 /* Debug */ = {
			isa = XCBuildConfiguration;
			baseConfigurationReference = 9C640CDF02DF30CA87AB78FE /* Pods-GymNote.debug.xcconfig */;
			buildSettings = {
				ASSETCATALOG_COMPILER_APPICON_NAME = AppIcon;
				CODE_SIGN_STYLE = Automatic;
				DEVELOPMENT_ASSET_PATHS = "\"GymNote/Preview Content\"";
				DEVELOPMENT_TEAM = 66YTXAJDAT;
				ENABLE_PREVIEWS = YES;
				INFOPLIST_FILE = GymNote/Info.plist;
				LD_RUNPATH_SEARCH_PATHS = (
					"$(inherited)",
					"@executable_path/Frameworks",
				);
				PRODUCT_BUNDLE_IDENTIFIER = com.AlmostWorking.GymNote;
				PRODUCT_NAME = "$(TARGET_NAME)";
				SWIFT_VERSION = 5.0;
				TARGETED_DEVICE_FAMILY = "1,2";
			};
			name = Debug;
		};
		07C0B97C2397BE03001632A0 /* Release */ = {
			isa = XCBuildConfiguration;
			baseConfigurationReference = 92418A42585CD4BBC0A8B4F7 /* Pods-GymNote.release.xcconfig */;
			buildSettings = {
				ASSETCATALOG_COMPILER_APPICON_NAME = AppIcon;
				CODE_SIGN_STYLE = Automatic;
				DEVELOPMENT_ASSET_PATHS = "\"GymNote/Preview Content\"";
				DEVELOPMENT_TEAM = 66YTXAJDAT;
				ENABLE_PREVIEWS = YES;
				INFOPLIST_FILE = GymNote/Info.plist;
				LD_RUNPATH_SEARCH_PATHS = (
					"$(inherited)",
					"@executable_path/Frameworks",
				);
				PRODUCT_BUNDLE_IDENTIFIER = com.AlmostWorking.GymNote;
				PRODUCT_NAME = "$(TARGET_NAME)";
				SWIFT_VERSION = 5.0;
				TARGETED_DEVICE_FAMILY = "1,2";
			};
			name = Release;
		};
/* End XCBuildConfiguration section */

/* Begin XCConfigurationList section */
		07C0B9612397BE00001632A0 /* Build configuration list for PBXProject "GymNote" */ = {
			isa = XCConfigurationList;
			buildConfigurations = (
				07C0B9782397BE03001632A0 /* Debug */,
				07C0B9792397BE03001632A0 /* Release */,
			);
			defaultConfigurationIsVisible = 0;
			defaultConfigurationName = Release;
		};
		07C0B97A2397BE03001632A0 /* Build configuration list for PBXNativeTarget "GymNote" */ = {
			isa = XCConfigurationList;
			buildConfigurations = (
				07C0B97B2397BE03001632A0 /* Debug */,
				07C0B97C2397BE03001632A0 /* Release */,
			);
			defaultConfigurationIsVisible = 0;
			defaultConfigurationName = Release;
		};
/* End XCConfigurationList section */
	};
	rootObject = 07C0B95E2397BE00001632A0 /* Project object */;
}
