// !$*UTF8*$!
{
	archiveVersion = 1;
	classes = {
	};
	objectVersion = 50;
	objects = {

/* Begin PBXBuildFile section */
		07C0B96A2397BE00001632A0 /* AppDelegate.swift in Sources */ = {isa = PBXBuildFile; fileRef = 07C0B9692397BE00001632A0 /* AppDelegate.swift */; };
		07C0B96C2397BE00001632A0 /* SceneDelegate.swift in Sources */ = {isa = PBXBuildFile; fileRef = 07C0B96B2397BE00001632A0 /* SceneDelegate.swift */; };
		07C0B96E2397BE00001632A0 /* ContentView.swift in Sources */ = {isa = PBXBuildFile; fileRef = 07C0B96D2397BE00001632A0 /* ContentView.swift */; };
		07C0B9702397BE03001632A0 /* Assets.xcassets in Resources */ = {isa = PBXBuildFile; fileRef = 07C0B96F2397BE03001632A0 /* Assets.xcassets */; };
		07C0B9732397BE03001632A0 /* Preview Assets.xcassets in Resources */ = {isa = PBXBuildFile; fileRef = 07C0B9722397BE03001632A0 /* Preview Assets.xcassets */; };
		07C0B9762397BE03001632A0 /* LaunchScreen.storyboard in Resources */ = {isa = PBXBuildFile; fileRef = 07C0B9742397BE03001632A0 /* LaunchScreen.storyboard */; };
		07C0B9832397DE58001632A0 /* UserProfile.swift in Sources */ = {isa = PBXBuildFile; fileRef = 07C0B9822397DE58001632A0 /* UserProfile.swift */; };
		07C0B98523981086001632A0 /* UserData.swift in Sources */ = {isa = PBXBuildFile; fileRef = 07C0B98423981086001632A0 /* UserData.swift */; };
		07C0B987239816EA001632A0 /* WelcomeView.swift in Sources */ = {isa = PBXBuildFile; fileRef = 07C0B986239816EA001632A0 /* WelcomeView.swift */; };
		07C0B98923990D0E001632A0 /* LoginView.swift in Sources */ = {isa = PBXBuildFile; fileRef = 07C0B98823990D0E001632A0 /* LoginView.swift */; };
		07C0B98B23992267001632A0 /* SignupView.swift in Sources */ = {isa = PBXBuildFile; fileRef = 07C0B98A23992267001632A0 /* SignupView.swift */; };
/* End PBXBuildFile section */

/* Begin PBXFileReference section */
		07C0B9662397BE00001632A0 /* GymNote.app */ = {isa = PBXFileReference; explicitFileType = wrapper.application; includeInIndex = 0; path = GymNote.app; sourceTree = BUILT_PRODUCTS_DIR; };
		07C0B9692397BE00001632A0 /* AppDelegate.swift */ = {isa = PBXFileReference; lastKnownFileType = sourcecode.swift; path = AppDelegate.swift; sourceTree = "<group>"; };
		07C0B96B2397BE00001632A0 /* SceneDelegate.swift */ = {isa = PBXFileReference; lastKnownFileType = sourcecode.swift; path = SceneDelegate.swift; sourceTree = "<group>"; };
		07C0B96D2397BE00001632A0 /* ContentView.swift */ = {isa = PBXFileReference; lastKnownFileType = sourcecode.swift; path = ContentView.swift; sourceTree = "<group>"; };
		07C0B96F2397BE03001632A0 /* Assets.xcassets */ = {isa = PBXFileReference; lastKnownFileType = folder.assetcatalog; path = Assets.xcassets; sourceTree = "<group>"; };
		07C0B9722397BE03001632A0 /* Preview Assets.xcassets */ = {isa = PBXFileReference; lastKnownFileType = folder.assetcatalog; path = "Preview Assets.xcassets"; sourceTree = "<group>"; };
		07C0B9752397BE03001632A0 /* Base */ = {isa = PBXFileReference; lastKnownFileType = file.storyboard; name = Base; path = Base.lproj/LaunchScreen.storyboard; sourceTree = "<group>"; };
		07C0B9772397BE03001632A0 /* Info.plist */ = {isa = PBXFileReference; lastKnownFileType = text.plist.xml; path = Info.plist; sourceTree = "<group>"; };
		07C0B9822397DE58001632A0 /* UserProfile.swift */ = {isa = PBXFileReference; lastKnownFileType = sourcecode.swift; path = UserProfile.swift; sourceTree = "<group>"; };
		07C0B98423981086001632A0 /* UserData.swift */ = {isa = PBXFileReference; lastKnownFileType = sourcecode.swift; path = UserData.swift; sourceTree = "<group>"; };
		07C0B986239816EA001632A0 /* WelcomeView.swift */ = {isa = PBXFileReference; lastKnownFileType = sourcecode.swift; path = WelcomeView.swift; sourceTree = "<group>"; };
		07C0B98823990D0E001632A0 /* LoginView.swift */ = {isa = PBXFileReference; lastKnownFileType = sourcecode.swift; path = LoginView.swift; sourceTree = "<group>"; };
		07C0B98A23992267001632A0 /* SignupView.swift */ = {isa = PBXFileReference; lastKnownFileType = sourcecode.swift; path = SignupView.swift; sourceTree = "<group>"; };
/* End PBXFileReference section */

/* Begin PBXFrameworksBuildPhase section */
		07C0B9632397BE00001632A0 /* Frameworks */ = {
			isa = PBXFrameworksBuildPhase;
			buildActionMask = 2147483647;
			files = (
			);
			runOnlyForDeploymentPostprocessing = 0;
		};
/* End PBXFrameworksBuildPhase section */

/* Begin PBXGroup section */
		07C0B95D2397BE00001632A0 = {
			isa = PBXGroup;
			children = (
				07C0B9682397BE00001632A0 /* GymNote */,
				07C0B9672397BE00001632A0 /* Products */,
			);
			sourceTree = "<group>";
		};
		07C0B9672397BE00001632A0 /* Products */ = {
			isa = PBXGroup;
			children = (
				07C0B9662397BE00001632A0 /* GymNote.app */,
			);
			name = Products;
			sourceTree = "<group>";
		};
		07C0B9682397BE00001632A0 /* GymNote */ = {
			isa = PBXGroup;
			children = (
				07C0B9692397BE00001632A0 /* AppDelegate.swift */,
				07C0B97D2397D0E2001632A0 /* Model */,
				07C0B96B2397BE00001632A0 /* SceneDelegate.swift */,
				07C0B986239816EA001632A0 /* WelcomeView.swift */,
				07C0B98C239930CF001632A0 /* WelcomeSupportingViews */,
				07C0B96D2397BE00001632A0 /* ContentView.swift */,
				07C0B96F2397BE03001632A0 /* Assets.xcassets */,
				07C0B9742397BE03001632A0 /* LaunchScreen.storyboard */,
				07C0B9772397BE03001632A0 /* Info.plist */,
				07C0B9712397BE03001632A0 /* Preview Content */,
			);
			path = GymNote;
			sourceTree = "<group>";
		};
		07C0B9712397BE03001632A0 /* Preview Content */ = {
			isa = PBXGroup;
			children = (
				07C0B9722397BE03001632A0 /* Preview Assets.xcassets */,
			);
			path = "Preview Content";
			sourceTree = "<group>";
		};
		07C0B97D2397D0E2001632A0 /* Model */ = {
			isa = PBXGroup;
			children = (
				07C0B98423981086001632A0 /* UserData.swift */,
				07C0B9822397DE58001632A0 /* UserProfile.swift */,
			);
			path = Model;
			sourceTree = "<group>";
		};
		07C0B98C239930CF001632A0 /* WelcomeSupportingViews */ = {
			isa = PBXGroup;
			children = (
				07C0B98A23992267001632A0 /* SignupView.swift */,
				07C0B98823990D0E001632A0 /* LoginView.swift */,
			);
			path = WelcomeSupportingViews;
			sourceTree = "<group>";
		};
/* End PBXGroup section */

/* Begin PBXNativeTarget section */
		07C0B9652397BE00001632A0 /* GymNote */ = {
			isa = PBXNativeTarget;
			buildConfigurationList = 07C0B97A2397BE03001632A0 /* Build configuration list for PBXNativeTarget "GymNote" */;
			buildPhases = (
				07C0B9622397BE00001632A0 /* Sources */,
				07C0B9632397BE00001632A0 /* Frameworks */,
				07C0B9642397BE00001632A0 /* Resources */,
			);
			buildRules = (
			);
			dependencies = (
			);
			name = GymNote;
			productName = GymNote;
			productReference = 07C0B9662397BE00001632A0 /* GymNote.app */;
			productType = "com.apple.product-type.application";
		};
/* End PBXNativeTarget section */

/* Begin PBXProject section */
		07C0B95E2397BE00001632A0 /* Project object */ = {
			isa = PBXProject;
			attributes = {
				LastSwiftUpdateCheck = 1120;
				LastUpgradeCheck = 1120;
				ORGANIZATIONNAME = "Rafał Swat";
				TargetAttributes = {
					07C0B9652397BE00001632A0 = {
						CreatedOnToolsVersion = 11.2.1;
					};
				};
			};
			buildConfigurationList = 07C0B9612397BE00001632A0 /* Build configuration list for PBXProject "GymNote" */;
			compatibilityVersion = "Xcode 9.3";
			developmentRegion = en;
			hasScannedForEncodings = 0;
			knownRegions = (
				en,
				Base,
			);
			mainGroup = 07C0B95D2397BE00001632A0;
			productRefGroup = 07C0B9672397BE00001632A0 /* Products */;
			projectDirPath = "";
			projectRoot = "";
			targets = (
				07C0B9652397BE00001632A0 /* GymNote */,
			);
		};
/* End PBXProject section */

/* Begin PBXResourcesBuildPhase section */
		07C0B9642397BE00001632A0 /* Resources */ = {
			isa = PBXResourcesBuildPhase;
			buildActionMask = 2147483647;
			files = (
				07C0B9762397BE03001632A0 /* LaunchScreen.storyboard in Resources */,
				07C0B9732397BE03001632A0 /* Preview Assets.xcassets in Resources */,
				07C0B9702397BE03001632A0 /* Assets.xcassets in Resources */,
			);
			runOnlyForDeploymentPostprocessing = 0;
		};
/* End PBXResourcesBuildPhase section */

/* Begin PBXSourcesBuildPhase section */
		07C0B9622397BE00001632A0 /* Sources */ = {
			isa = PBXSourcesBuildPhase;
			buildActionMask = 2147483647;
			files = (
				07C0B9832397DE58001632A0 /* UserProfile.swift in Sources */,
				07C0B98923990D0E001632A0 /* LoginView.swift in Sources */,
				07C0B987239816EA001632A0 /* WelcomeView.swift in Sources */,
				07C0B96A2397BE00001632A0 /* AppDelegate.swift in Sources */,
				07C0B98B23992267001632A0 /* SignupView.swift in Sources */,
				07C0B96C2397BE00001632A0 /* SceneDelegate.swift in Sources */,
				07C0B98523981086001632A0 /* UserData.swift in Sources */,
				07C0B96E2397BE00001632A0 /* ContentView.swift in Sources */,
			);
			runOnlyForDeploymentPostprocessing = 0;
		};
/* End PBXSourcesBuildPhase section */

/* Begin PBXVariantGroup section */
		07C0B9742397BE03001632A0 /* LaunchScreen.storyboard */ = {
			isa = PBXVariantGroup;
			children = (
				07C0B9752397BE03001632A0 /* Base */,
			);
			name = LaunchScreen.storyboard;
			sourceTree = "<group>";
		};
/* End PBXVariantGroup section */

/* Begin XCBuildConfiguration section */
		07C0B9782397BE03001632A0 /* Debug */ = {
			isa = XCBuildConfiguration;
			buildSettings = {
				ALWAYS_SEARCH_USER_PATHS = NO;
				CLANG_ANALYZER_NONNULL = YES;
				CLANG_ANALYZER_NUMBER_OBJECT_CONVERSION = YES_AGGRESSIVE;
				CLANG_CXX_LANGUAGE_STANDARD = "gnu++14";
				CLANG_CXX_LIBRARY = "libc++";
				CLANG_ENABLE_MODULES = YES;
				CLANG_ENABLE_OBJC_ARC = YES;
				CLANG_ENABLE_OBJC_WEAK = YES;
				CLANG_WARN_BLOCK_CAPTURE_AUTORELEASING = YES;
				CLANG_WARN_BOOL_CONVERSION = YES;
				CLANG_WARN_COMMA = YES;
				CLANG_WARN_CONSTANT_CONVERSION = YES;
				CLANG_WARN_DEPRECATED_OBJC_IMPLEMENTATIONS = YES;
				CLANG_WARN_DIRECT_OBJC_ISA_USAGE = YES_ERROR;
				CLANG_WARN_DOCUMENTATION_COMMENTS = YES;
				CLANG_WARN_EMPTY_BODY = YES;
				CLANG_WARN_ENUM_CONVERSION = YES;
				CLANG_WARN_INFINITE_RECURSION = YES;
				CLANG_WARN_INT_CONVERSION = YES;
				CLANG_WARN_NON_LITERAL_NULL_CONVERSION = YES;
				CLANG_WARN_OBJC_IMPLICIT_RETAIN_SELF = YES;
				CLANG_WARN_OBJC_LITERAL_CONVERSION = YES;
				CLANG_WARN_OBJC_ROOT_CLASS = YES_ERROR;
				CLANG_WARN_RANGE_LOOP_ANALYSIS = YES;
				CLANG_WARN_STRICT_PROTOTYPES = YES;
				CLANG_WARN_SUSPICIOUS_MOVE = YES;
				CLANG_WARN_UNGUARDED_AVAILABILITY = YES_AGGRESSIVE;
				CLANG_WARN_UNREACHABLE_CODE = YES;
				CLANG_WARN__DUPLICATE_METHOD_MATCH = YES;
				COPY_PHASE_STRIP = NO;
				DEBUG_INFORMATION_FORMAT = dwarf;
				ENABLE_STRICT_OBJC_MSGSEND = YES;
				ENABLE_TESTABILITY = YES;
				GCC_C_LANGUAGE_STANDARD = gnu11;
				GCC_DYNAMIC_NO_PIC = NO;
				GCC_NO_COMMON_BLOCKS = YES;
				GCC_OPTIMIZATION_LEVEL = 0;
				GCC_PREPROCESSOR_DEFINITIONS = (
					"DEBUG=1",
					"$(inherited)",
				);
				GCC_WARN_64_TO_32_BIT_CONVERSION = YES;
				GCC_WARN_ABOUT_RETURN_TYPE = YES_ERROR;
				GCC_WARN_UNDECLARED_SELECTOR = YES;
				GCC_WARN_UNINITIALIZED_AUTOS = YES_AGGRESSIVE;
				GCC_WARN_UNUSED_FUNCTION = YES;
				GCC_WARN_UNUSED_VARIABLE = YES;
				IPHONEOS_DEPLOYMENT_TARGET = 13.2;
				MTL_ENABLE_DEBUG_INFO = INCLUDE_SOURCE;
				MTL_FAST_MATH = YES;
				ONLY_ACTIVE_ARCH = YES;
				SDKROOT = iphoneos;
				SWIFT_ACTIVE_COMPILATION_CONDITIONS = DEBUG;
				SWIFT_OPTIMIZATION_LEVEL = "-Onone";
			};
			name = Debug;
		};
		07C0B9792397BE03001632A0 /* Release */ = {
			isa = XCBuildConfiguration;
			buildSettings = {
				ALWAYS_SEARCH_USER_PATHS = NO;
				CLANG_ANALYZER_NONNULL = YES;
				CLANG_ANALYZER_NUMBER_OBJECT_CONVERSION = YES_AGGRESSIVE;
				CLANG_CXX_LANGUAGE_STANDARD = "gnu++14";
				CLANG_CXX_LIBRARY = "libc++";
				CLANG_ENABLE_MODULES = YES;
				CLANG_ENABLE_OBJC_ARC = YES;
				CLANG_ENABLE_OBJC_WEAK = YES;
				CLANG_WARN_BLOCK_CAPTURE_AUTORELEASING = YES;
				CLANG_WARN_BOOL_CONVERSION = YES;
				CLANG_WARN_COMMA = YES;
				CLANG_WARN_CONSTANT_CONVERSION = YES;
				CLANG_WARN_DEPRECATED_OBJC_IMPLEMENTATIONS = YES;
				CLANG_WARN_DIRECT_OBJC_ISA_USAGE = YES_ERROR;
				CLANG_WARN_DOCUMENTATION_COMMENTS = YES;
				CLANG_WARN_EMPTY_BODY = YES;
				CLANG_WARN_ENUM_CONVERSION = YES;
				CLANG_WARN_INFINITE_RECURSION = YES;
				CLANG_WARN_INT_CONVERSION = YES;
				CLANG_WARN_NON_LITERAL_NULL_CONVERSION = YES;
				CLANG_WARN_OBJC_IMPLICIT_RETAIN_SELF = YES;
				CLANG_WARN_OBJC_LITERAL_CONVERSION = YES;
				CLANG_WARN_OBJC_ROOT_CLASS = YES_ERROR;
				CLANG_WARN_RANGE_LOOP_ANALYSIS = YES;
				CLANG_WARN_STRICT_PROTOTYPES = YES;
				CLANG_WARN_SUSPICIOUS_MOVE = YES;
				CLANG_WARN_UNGUARDED_AVAILABILITY = YES_AGGRESSIVE;
				CLANG_WARN_UNREACHABLE_CODE = YES;
				CLANG_WARN__DUPLICATE_METHOD_MATCH = YES;
				COPY_PHASE_STRIP = NO;
				DEBUG_INFORMATION_FORMAT = "dwarf-with-dsym";
				ENABLE_NS_ASSERTIONS = NO;
				ENABLE_STRICT_OBJC_MSGSEND = YES;
				GCC_C_LANGUAGE_STANDARD = gnu11;
				GCC_NO_COMMON_BLOCKS = YES;
				GCC_WARN_64_TO_32_BIT_CONVERSION = YES;
				GCC_WARN_ABOUT_RETURN_TYPE = YES_ERROR;
				GCC_WARN_UNDECLARED_SELECTOR = YES;
				GCC_WARN_UNINITIALIZED_AUTOS = YES_AGGRESSIVE;
				GCC_WARN_UNUSED_FUNCTION = YES;
				GCC_WARN_UNUSED_VARIABLE = YES;
				IPHONEOS_DEPLOYMENT_TARGET = 13.2;
				MTL_ENABLE_DEBUG_INFO = NO;
				MTL_FAST_MATH = YES;
				SDKROOT = iphoneos;
				SWIFT_COMPILATION_MODE = wholemodule;
				SWIFT_OPTIMIZATION_LEVEL = "-O";
				VALIDATE_PRODUCT = YES;
			};
			name = Release;
		};
		07C0B97B2397BE03001632A0 /* Debug */ = {
			isa = XCBuildConfiguration;
			buildSettings = {
				ASSETCATALOG_COMPILER_APPICON_NAME = AppIcon;
				CODE_SIGN_STYLE = Automatic;
				DEVELOPMENT_ASSET_PATHS = "\"GymNote/Preview Content\"";
				DEVELOPMENT_TEAM = 66YTXAJDAT;
				ENABLE_PREVIEWS = YES;
				INFOPLIST_FILE = GymNote/Info.plist;
				LD_RUNPATH_SEARCH_PATHS = (
					"$(inherited)",
					"@executable_path/Frameworks",
				);
				PRODUCT_BUNDLE_IDENTIFIER = AlmostWorking.GymNote;
				PRODUCT_NAME = "$(TARGET_NAME)";
				SWIFT_VERSION = 5.0;
				TARGETED_DEVICE_FAMILY = "1,2";
			};
			name = Debug;
		};
		07C0B97C2397BE03001632A0 /* Release */ = {
			isa = XCBuildConfiguration;
			buildSettings = {
				ASSETCATALOG_COMPILER_APPICON_NAME = AppIcon;
				CODE_SIGN_STYLE = Automatic;
				DEVELOPMENT_ASSET_PATHS = "\"GymNote/Preview Content\"";
				DEVELOPMENT_TEAM = 66YTXAJDAT;
				ENABLE_PREVIEWS = YES;
				INFOPLIST_FILE = GymNote/Info.plist;
				LD_RUNPATH_SEARCH_PATHS = (
					"$(inherited)",
					"@executable_path/Frameworks",
				);
				PRODUCT_BUNDLE_IDENTIFIER = AlmostWorking.GymNote;
				PRODUCT_NAME = "$(TARGET_NAME)";
				SWIFT_VERSION = 5.0;
				TARGETED_DEVICE_FAMILY = "1,2";
			};
			name = Release;
		};
/* End XCBuildConfiguration section */

/* Begin XCConfigurationList section */
		07C0B9612397BE00001632A0 /* Build configuration list for PBXProject "GymNote" */ = {
			isa = XCConfigurationList;
			buildConfigurations = (
				07C0B9782397BE03001632A0 /* Debug */,
				07C0B9792397BE03001632A0 /* Release */,
			);
			defaultConfigurationIsVisible = 0;
			defaultConfigurationName = Release;
		};
		07C0B97A2397BE03001632A0 /* Build configuration list for PBXNativeTarget "GymNote" */ = {
			isa = XCConfigurationList;
			buildConfigurations = (
				07C0B97B2397BE03001632A0 /* Debug */,
				07C0B97C2397BE03001632A0 /* Release */,
			);
			defaultConfigurationIsVisible = 0;
			defaultConfigurationName = Release;
		};
/* End XCConfigurationList section */
	};
	rootObject = 07C0B95E2397BE00001632A0 /* Project object */;
}
